// !$*UTF8*$!
{
	archiveVersion = 1;
	classes = {
	};
	objectVersion = 56;
	objects = {

/* Begin PBXBuildFile section */
		A10705E52A71C0280066809E /* Pokemon.swift in Sources */ = {isa = PBXBuildFile; fileRef = A10705E42A71C0280066809E /* Pokemon.swift */; };
		A12A95FB2A77FAAA00ECBB9F /* PokemonImage.swift in Sources */ = {isa = PBXBuildFile; fileRef = A12A95FA2A77FAAA00ECBB9F /* PokemonImage.swift */; };
		A13A88C92A78511E00F75EEC /* PokemonDetails.swift in Sources */ = {isa = PBXBuildFile; fileRef = A13A88C82A78511E00F75EEC /* PokemonDetails.swift */; };
		A1986D6F2A71BAD900E04F39 /* PokedexApp.swift in Sources */ = {isa = PBXBuildFile; fileRef = A1986D6E2A71BAD900E04F39 /* PokedexApp.swift */; };
		A1986D712A71BAD900E04F39 /* ContentView.swift in Sources */ = {isa = PBXBuildFile; fileRef = A1986D702A71BAD900E04F39 /* ContentView.swift */; };
		A1986D732A71BADD00E04F39 /* Assets.xcassets in Resources */ = {isa = PBXBuildFile; fileRef = A1986D722A71BADD00E04F39 /* Assets.xcassets */; };
		A1986D762A71BADD00E04F39 /* Preview Assets.xcassets in Resources */ = {isa = PBXBuildFile; fileRef = A1986D752A71BADD00E04F39 /* Preview Assets.xcassets */; };
		A1986D802A71BADE00E04F39 /* PokedexTests.swift in Sources */ = {isa = PBXBuildFile; fileRef = A1986D7F2A71BADE00E04F39 /* PokedexTests.swift */; };
		A1986D8A2A71BADE00E04F39 /* PokedexUITests.swift in Sources */ = {isa = PBXBuildFile; fileRef = A1986D892A71BADE00E04F39 /* PokedexUITests.swift */; };
		A1986D8C2A71BADE00E04F39 /* PokedexUITestsLaunchTests.swift in Sources */ = {isa = PBXBuildFile; fileRef = A1986D8B2A71BADE00E04F39 /* PokedexUITestsLaunchTests.swift */; };
		A19890712A74517700D714B8 /* PokemonSelected.swift in Sources */ = {isa = PBXBuildFile; fileRef = A19890702A74517700D714B8 /* PokemonSelected.swift */; };
		A1AB01792A7AD5CF00E8AB12 /* Alamofire in Frameworks */ = {isa = PBXBuildFile; productRef = A1AB01782A7AD5CF00E8AB12 /* Alamofire */; };
		A1BBCC352A8BEFDF00B0CB5F /* ProgressView.swift in Sources */ = {isa = PBXBuildFile; fileRef = A1BBCC342A8BEFDF00B0CB5F /* ProgressView.swift */; };
/* End PBXBuildFile section */

/* Begin PBXContainerItemProxy section */
		A1986D7C2A71BADE00E04F39 /* PBXContainerItemProxy */ = {
			isa = PBXContainerItemProxy;
			containerPortal = A1986D632A71BAD900E04F39 /* Project object */;
			proxyType = 1;
			remoteGlobalIDString = A1986D6A2A71BAD900E04F39;
			remoteInfo = Pokedex;
		};
		A1986D862A71BADE00E04F39 /* PBXContainerItemProxy */ = {
			isa = PBXContainerItemProxy;
			containerPortal = A1986D632A71BAD900E04F39 /* Project object */;
			proxyType = 1;
			remoteGlobalIDString = A1986D6A2A71BAD900E04F39;
			remoteInfo = Pokedex;
		};
/* End PBXContainerItemProxy section */

/* Begin PBXFileReference section */
		A10705E42A71C0280066809E /* Pokemon.swift */ = {isa = PBXFileReference; lastKnownFileType = sourcecode.swift; path = Pokemon.swift; sourceTree = "<group>"; };
		A12A95FA2A77FAAA00ECBB9F /* PokemonImage.swift */ = {isa = PBXFileReference; lastKnownFileType = sourcecode.swift; path = PokemonImage.swift; sourceTree = "<group>"; };
		A13A88C82A78511E00F75EEC /* PokemonDetails.swift */ = {isa = PBXFileReference; lastKnownFileType = sourcecode.swift; path = PokemonDetails.swift; sourceTree = "<group>"; };
		A1986D6B2A71BAD900E04F39 /* Pokedex.app */ = {isa = PBXFileReference; explicitFileType = wrapper.application; includeInIndex = 0; path = Pokedex.app; sourceTree = BUILT_PRODUCTS_DIR; };
		A1986D6E2A71BAD900E04F39 /* PokedexApp.swift */ = {isa = PBXFileReference; lastKnownFileType = sourcecode.swift; path = PokedexApp.swift; sourceTree = "<group>"; };
		A1986D702A71BAD900E04F39 /* ContentView.swift */ = {isa = PBXFileReference; lastKnownFileType = sourcecode.swift; path = ContentView.swift; sourceTree = "<group>"; };
		A1986D722A71BADD00E04F39 /* Assets.xcassets */ = {isa = PBXFileReference; lastKnownFileType = folder.assetcatalog; path = Assets.xcassets; sourceTree = "<group>"; };
		A1986D752A71BADD00E04F39 /* Preview Assets.xcassets */ = {isa = PBXFileReference; lastKnownFileType = folder.assetcatalog; path = "Preview Assets.xcassets"; sourceTree = "<group>"; };
		A1986D7B2A71BADE00E04F39 /* PokedexTests.xctest */ = {isa = PBXFileReference; explicitFileType = wrapper.cfbundle; includeInIndex = 0; path = PokedexTests.xctest; sourceTree = BUILT_PRODUCTS_DIR; };
		A1986D7F2A71BADE00E04F39 /* PokedexTests.swift */ = {isa = PBXFileReference; lastKnownFileType = sourcecode.swift; path = PokedexTests.swift; sourceTree = "<group>"; };
		A1986D852A71BADE00E04F39 /* PokedexUITests.xctest */ = {isa = PBXFileReference; explicitFileType = wrapper.cfbundle; includeInIndex = 0; path = PokedexUITests.xctest; sourceTree = BUILT_PRODUCTS_DIR; };
		A1986D892A71BADE00E04F39 /* PokedexUITests.swift */ = {isa = PBXFileReference; lastKnownFileType = sourcecode.swift; path = PokedexUITests.swift; sourceTree = "<group>"; };
		A1986D8B2A71BADE00E04F39 /* PokedexUITestsLaunchTests.swift */ = {isa = PBXFileReference; lastKnownFileType = sourcecode.swift; path = PokedexUITestsLaunchTests.swift; sourceTree = "<group>"; };
		A19890702A74517700D714B8 /* PokemonSelected.swift */ = {isa = PBXFileReference; lastKnownFileType = sourcecode.swift; path = PokemonSelected.swift; sourceTree = "<group>"; };
		A1BBCC342A8BEFDF00B0CB5F /* ProgressView.swift */ = {isa = PBXFileReference; lastKnownFileType = sourcecode.swift; path = ProgressView.swift; sourceTree = "<group>"; };
/* End PBXFileReference section */

/* Begin PBXFrameworksBuildPhase section */
		A1986D682A71BAD900E04F39 /* Frameworks */ = {
			isa = PBXFrameworksBuildPhase;
			buildActionMask = 2147483647;
			files = (
				A1AB01792A7AD5CF00E8AB12 /* Alamofire in Frameworks */,
			);
			runOnlyForDeploymentPostprocessing = 0;
		};
		A1986D782A71BADE00E04F39 /* Frameworks */ = {
			isa = PBXFrameworksBuildPhase;
			buildActionMask = 2147483647;
			files = (
			);
			runOnlyForDeploymentPostprocessing = 0;
		};
		A1986D822A71BADE00E04F39 /* Frameworks */ = {
			isa = PBXFrameworksBuildPhase;
			buildActionMask = 2147483647;
			files = (
			);
			runOnlyForDeploymentPostprocessing = 0;
		};
/* End PBXFrameworksBuildPhase section */

/* Begin PBXGroup section */
		A10705E12A71BF550066809E /* Views */ = {
			isa = PBXGroup;
			children = (
				A1986D702A71BAD900E04F39 /* ContentView.swift */,
				A12A95FA2A77FAAA00ECBB9F /* PokemonImage.swift */,
				A13A88C82A78511E00F75EEC /* PokemonDetails.swift */,
				A1BBCC342A8BEFDF00B0CB5F /* ProgressView.swift */,
			);
			path = Views;
			sourceTree = "<group>";
		};
		A10705E32A71BFF20066809E /* Api */ = {
			isa = PBXGroup;
			children = (
				A10705E42A71C0280066809E /* Pokemon.swift */,
				A19890702A74517700D714B8 /* PokemonSelected.swift */,
			);
			path = Api;
			sourceTree = "<group>";
		};
		A1986D622A71BAD900E04F39 = {
			isa = PBXGroup;
			children = (
				A1986D6D2A71BAD900E04F39 /* Pokedex */,
				A1986D7E2A71BADE00E04F39 /* PokedexTests */,
				A1986D882A71BADE00E04F39 /* PokedexUITests */,
				A1986D6C2A71BAD900E04F39 /* Products */,
			);
			sourceTree = "<group>";
		};
		A1986D6C2A71BAD900E04F39 /* Products */ = {
			isa = PBXGroup;
			children = (
				A1986D6B2A71BAD900E04F39 /* Pokedex.app */,
				A1986D7B2A71BADE00E04F39 /* PokedexTests.xctest */,
				A1986D852A71BADE00E04F39 /* PokedexUITests.xctest */,
			);
			name = Products;
			sourceTree = "<group>";
		};
		A1986D6D2A71BAD900E04F39 /* Pokedex */ = {
			isa = PBXGroup;
			children = (
				A10705E32A71BFF20066809E /* Api */,
				A10705E12A71BF550066809E /* Views */,
				A1986D6E2A71BAD900E04F39 /* PokedexApp.swift */,
				A1986D722A71BADD00E04F39 /* Assets.xcassets */,
				A1986D742A71BADD00E04F39 /* Preview Content */,
			);
			path = Pokedex;
			sourceTree = "<group>";
		};
		A1986D742A71BADD00E04F39 /* Preview Content */ = {
			isa = PBXGroup;
			children = (
				A1986D752A71BADD00E04F39 /* Preview Assets.xcassets */,
			);
			path = "Preview Content";
			sourceTree = "<group>";
		};
		A1986D7E2A71BADE00E04F39 /* PokedexTests */ = {
			isa = PBXGroup;
			children = (
				A1986D7F2A71BADE00E04F39 /* PokedexTests.swift */,
			);
			path = PokedexTests;
			sourceTree = "<group>";
		};
		A1986D882A71BADE00E04F39 /* PokedexUITests */ = {
			isa = PBXGroup;
			children = (
				A1986D892A71BADE00E04F39 /* PokedexUITests.swift */,
				A1986D8B2A71BADE00E04F39 /* PokedexUITestsLaunchTests.swift */,
			);
			path = PokedexUITests;
			sourceTree = "<group>";
		};
/* End PBXGroup section */

/* Begin PBXNativeTarget section */
		A1986D6A2A71BAD900E04F39 /* Pokedex */ = {
			isa = PBXNativeTarget;
			buildConfigurationList = A1986D8F2A71BADE00E04F39 /* Build configuration list for PBXNativeTarget "Pokedex" */;
			buildPhases = (
				A1986D672A71BAD900E04F39 /* Sources */,
				A1986D682A71BAD900E04F39 /* Frameworks */,
				A1986D692A71BAD900E04F39 /* Resources */,
			);
			buildRules = (
			);
			dependencies = (
			);
			name = Pokedex;
			packageProductDependencies = (
				A1AB01782A7AD5CF00E8AB12 /* Alamofire */,
			);
			productName = Pokedex;
			productReference = A1986D6B2A71BAD900E04F39 /* Pokedex.app */;
			productType = "com.apple.product-type.application";
		};
		A1986D7A2A71BADE00E04F39 /* PokedexTests */ = {
			isa = PBXNativeTarget;
			buildConfigurationList = A1986D922A71BADE00E04F39 /* Build configuration list for PBXNativeTarget "PokedexTests" */;
			buildPhases = (
				A1986D772A71BADE00E04F39 /* Sources */,
				A1986D782A71BADE00E04F39 /* Frameworks */,
				A1986D792A71BADE00E04F39 /* Resources */,
			);
			buildRules = (
			);
			dependencies = (
				A1986D7D2A71BADE00E04F39 /* PBXTargetDependency */,
			);
			name = PokedexTests;
			productName = PokedexTests;
			productReference = A1986D7B2A71BADE00E04F39 /* PokedexTests.xctest */;
			productType = "com.apple.product-type.bundle.unit-test";
		};
		A1986D842A71BADE00E04F39 /* PokedexUITests */ = {
			isa = PBXNativeTarget;
			buildConfigurationList = A1986D952A71BADE00E04F39 /* Build configuration list for PBXNativeTarget "PokedexUITests" */;
			buildPhases = (
				A1986D812A71BADE00E04F39 /* Sources */,
				A1986D822A71BADE00E04F39 /* Frameworks */,
				A1986D832A71BADE00E04F39 /* Resources */,
			);
			buildRules = (
			);
			dependencies = (
				A1986D872A71BADE00E04F39 /* PBXTargetDependency */,
			);
			name = PokedexUITests;
			productName = PokedexUITests;
			productReference = A1986D852A71BADE00E04F39 /* PokedexUITests.xctest */;
			productType = "com.apple.product-type.bundle.ui-testing";
		};
/* End PBXNativeTarget section */

/* Begin PBXProject section */
		A1986D632A71BAD900E04F39 /* Project object */ = {
			isa = PBXProject;
			attributes = {
				BuildIndependentTargetsInParallel = 1;
				LastSwiftUpdateCheck = 1420;
				LastUpgradeCheck = 1420;
				TargetAttributes = {
					A1986D6A2A71BAD900E04F39 = {
						CreatedOnToolsVersion = 14.2;
					};
					A1986D7A2A71BADE00E04F39 = {
						CreatedOnToolsVersion = 14.2;
						TestTargetID = A1986D6A2A71BAD900E04F39;
					};
					A1986D842A71BADE00E04F39 = {
						CreatedOnToolsVersion = 14.2;
						TestTargetID = A1986D6A2A71BAD900E04F39;
					};
				};
			};
			buildConfigurationList = A1986D662A71BAD900E04F39 /* Build configuration list for PBXProject "Pokedex" */;
			compatibilityVersion = "Xcode 14.0";
			developmentRegion = en;
			hasScannedForEncodings = 0;
			knownRegions = (
				en,
				Base,
			);
			mainGroup = A1986D622A71BAD900E04F39;
			packageReferences = (
				A1AB01772A7AD5CF00E8AB12 /* XCRemoteSwiftPackageReference "Alamofire" */,
			);
			productRefGroup = A1986D6C2A71BAD900E04F39 /* Products */;
			projectDirPath = "";
			projectRoot = "";
			targets = (
				A1986D6A2A71BAD900E04F39 /* Pokedex */,
				A1986D7A2A71BADE00E04F39 /* PokedexTests */,
				A1986D842A71BADE00E04F39 /* PokedexUITests */,
			);
		};
/* End PBXProject section */

/* Begin PBXResourcesBuildPhase section */
		A1986D692A71BAD900E04F39 /* Resources */ = {
			isa = PBXResourcesBuildPhase;
			buildActionMask = 2147483647;
			files = (
				A1986D762A71BADD00E04F39 /* Preview Assets.xcassets in Resources */,
				A1986D732A71BADD00E04F39 /* Assets.xcassets in Resources */,
			);
			runOnlyForDeploymentPostprocessing = 0;
		};
		A1986D792A71BADE00E04F39 /* Resources */ = {
			isa = PBXResourcesBuildPhase;
			buildActionMask = 2147483647;
			files = (
			);
			runOnlyForDeploymentPostprocessing = 0;
		};
		A1986D832A71BADE00E04F39 /* Resources */ = {
			isa = PBXResourcesBuildPhase;
			buildActionMask = 2147483647;
			files = (
			);
			runOnlyForDeploymentPostprocessing = 0;
		};
/* End PBXResourcesBuildPhase section */

/* Begin PBXSourcesBuildPhase section */
		A1986D672A71BAD900E04F39 /* Sources */ = {
			isa = PBXSourcesBuildPhase;
			buildActionMask = 2147483647;
			files = (
				A1986D712A71BAD900E04F39 /* ContentView.swift in Sources */,
				A12A95FB2A77FAAA00ECBB9F /* PokemonImage.swift in Sources */,
				A13A88C92A78511E00F75EEC /* PokemonDetails.swift in Sources */,
				A1986D6F2A71BAD900E04F39 /* PokedexApp.swift in Sources */,
				A19890712A74517700D714B8 /* PokemonSelected.swift in Sources */,
				A1BBCC352A8BEFDF00B0CB5F /* ProgressView.swift in Sources */,
				A10705E52A71C0280066809E /* Pokemon.swift in Sources */,
			);
			runOnlyForDeploymentPostprocessing = 0;
		};
		A1986D772A71BADE00E04F39 /* Sources */ = {
			isa = PBXSourcesBuildPhase;
			buildActionMask = 2147483647;
			files = (
				A1986D802A71BADE00E04F39 /* PokedexTests.swift in Sources */,
			);
			runOnlyForDeploymentPostprocessing = 0;
		};
		A1986D812A71BADE00E04F39 /* Sources */ = {
			isa = PBXSourcesBuildPhase;
			buildActionMask = 2147483647;
			files = (
				A1986D8A2A71BADE00E04F39 /* PokedexUITests.swift in Sources */,
				A1986D8C2A71BADE00E04F39 /* PokedexUITestsLaunchTests.swift in Sources */,
			);
			runOnlyForDeploymentPostprocessing = 0;
		};
/* End PBXSourcesBuildPhase section */

/* Begin PBXTargetDependency section */
		A1986D7D2A71BADE00E04F39 /* PBXTargetDependency */ = {
			isa = PBXTargetDependency;
			target = A1986D6A2A71BAD900E04F39 /* Pokedex */;
			targetProxy = A1986D7C2A71BADE00E04F39 /* PBXContainerItemProxy */;
		};
		A1986D872A71BADE00E04F39 /* PBXTargetDependency */ = {
			isa = PBXTargetDependency;
			target = A1986D6A2A71BAD900E04F39 /* Pokedex */;
			targetProxy = A1986D862A71BADE00E04F39 /* PBXContainerItemProxy */;
		};
/* End PBXTargetDependency section */

/* Begin XCBuildConfiguration section */
		A1986D8D2A71BADE00E04F39 /* Debug */ = {
			isa = XCBuildConfiguration;
			buildSettings = {
				ALWAYS_SEARCH_USER_PATHS = NO;
				CLANG_ANALYZER_NONNULL = YES;
				CLANG_ANALYZER_NUMBER_OBJECT_CONVERSION = YES_AGGRESSIVE;
				CLANG_CXX_LANGUAGE_STANDARD = "gnu++20";
				CLANG_ENABLE_MODULES = YES;
				CLANG_ENABLE_OBJC_ARC = YES;
				CLANG_ENABLE_OBJC_WEAK = YES;
				CLANG_WARN_BLOCK_CAPTURE_AUTORELEASING = YES;
				CLANG_WARN_BOOL_CONVERSION = YES;
				CLANG_WARN_COMMA = YES;
				CLANG_WARN_CONSTANT_CONVERSION = YES;
				CLANG_WARN_DEPRECATED_OBJC_IMPLEMENTATIONS = YES;
				CLANG_WARN_DIRECT_OBJC_ISA_USAGE = YES_ERROR;
				CLANG_WARN_DOCUMENTATION_COMMENTS = YES;
				CLANG_WARN_EMPTY_BODY = YES;
				CLANG_WARN_ENUM_CONVERSION = YES;
				CLANG_WARN_INFINITE_RECURSION = YES;
				CLANG_WARN_INT_CONVERSION = YES;
				CLANG_WARN_NON_LITERAL_NULL_CONVERSION = YES;
				CLANG_WARN_OBJC_IMPLICIT_RETAIN_SELF = YES;
				CLANG_WARN_OBJC_LITERAL_CONVERSION = YES;
				CLANG_WARN_OBJC_ROOT_CLASS = YES_ERROR;
				CLANG_WARN_QUOTED_INCLUDE_IN_FRAMEWORK_HEADER = YES;
				CLANG_WARN_RANGE_LOOP_ANALYSIS = YES;
				CLANG_WARN_STRICT_PROTOTYPES = YES;
				CLANG_WARN_SUSPICIOUS_MOVE = YES;
				CLANG_WARN_UNGUARDED_AVAILABILITY = YES_AGGRESSIVE;
				CLANG_WARN_UNREACHABLE_CODE = YES;
				CLANG_WARN__DUPLICATE_METHOD_MATCH = YES;
				COPY_PHASE_STRIP = NO;
				DEBUG_INFORMATION_FORMAT = dwarf;
				ENABLE_STRICT_OBJC_MSGSEND = YES;
				ENABLE_TESTABILITY = YES;
				GCC_C_LANGUAGE_STANDARD = gnu11;
				GCC_DYNAMIC_NO_PIC = NO;
				GCC_NO_COMMON_BLOCKS = YES;
				GCC_OPTIMIZATION_LEVEL = 0;
				GCC_PREPROCESSOR_DEFINITIONS = (
					"DEBUG=1",
					"$(inherited)",
				);
				GCC_WARN_64_TO_32_BIT_CONVERSION = YES;
				GCC_WARN_ABOUT_RETURN_TYPE = YES_ERROR;
				GCC_WARN_UNDECLARED_SELECTOR = YES;
				GCC_WARN_UNINITIALIZED_AUTOS = YES_AGGRESSIVE;
				GCC_WARN_UNUSED_FUNCTION = YES;
				GCC_WARN_UNUSED_VARIABLE = YES;
				IPHONEOS_DEPLOYMENT_TARGET = 16.2;
				MTL_ENABLE_DEBUG_INFO = INCLUDE_SOURCE;
				MTL_FAST_MATH = YES;
				ONLY_ACTIVE_ARCH = YES;
				SDKROOT = iphoneos;
				SWIFT_ACTIVE_COMPILATION_CONDITIONS = DEBUG;
				SWIFT_OPTIMIZATION_LEVEL = "-Onone";
			};
			name = Debug;
		};
		A1986D8E2A71BADE00E04F39 /* Release */ = {
			isa = XCBuildConfiguration;
			buildSettings = {
				ALWAYS_SEARCH_USER_PATHS = NO;
				CLANG_ANALYZER_NONNULL = YES;
				CLANG_ANALYZER_NUMBER_OBJECT_CONVERSION = YES_AGGRESSIVE;
				CLANG_CXX_LANGUAGE_STANDARD = "gnu++20";
				CLANG_ENABLE_MODULES = YES;
				CLANG_ENABLE_OBJC_ARC = YES;
				CLANG_ENABLE_OBJC_WEAK = YES;
				CLANG_WARN_BLOCK_CAPTURE_AUTORELEASING = YES;
				CLANG_WARN_BOOL_CONVERSION = YES;
				CLANG_WARN_COMMA = YES;
				CLANG_WARN_CONSTANT_CONVERSION = YES;
				CLANG_WARN_DEPRECATED_OBJC_IMPLEMENTATIONS = YES;
				CLANG_WARN_DIRECT_OBJC_ISA_USAGE = YES_ERROR;
				CLANG_WARN_DOCUMENTATION_COMMENTS = YES;
				CLANG_WARN_EMPTY_BODY = YES;
				CLANG_WARN_ENUM_CONVERSION = YES;
				CLANG_WARN_INFINITE_RECURSION = YES;
				CLANG_WARN_INT_CONVERSION = YES;
				CLANG_WARN_NON_LITERAL_NULL_CONVERSION = YES;
				CLANG_WARN_OBJC_IMPLICIT_RETAIN_SELF = YES;
				CLANG_WARN_OBJC_LITERAL_CONVERSION = YES;
				CLANG_WARN_OBJC_ROOT_CLASS = YES_ERROR;
				CLANG_WARN_QUOTED_INCLUDE_IN_FRAMEWORK_HEADER = YES;
				CLANG_WARN_RANGE_LOOP_ANALYSIS = YES;
				CLANG_WARN_STRICT_PROTOTYPES = YES;
				CLANG_WARN_SUSPICIOUS_MOVE = YES;
				CLANG_WARN_UNGUARDED_AVAILABILITY = YES_AGGRESSIVE;
				CLANG_WARN_UNREACHABLE_CODE = YES;
				CLANG_WARN__DUPLICATE_METHOD_MATCH = YES;
				COPY_PHASE_STRIP = NO;
				DEBUG_INFORMATION_FORMAT = "dwarf-with-dsym";
				ENABLE_NS_ASSERTIONS = NO;
				ENABLE_STRICT_OBJC_MSGSEND = YES;
				GCC_C_LANGUAGE_STANDARD = gnu11;
				GCC_NO_COMMON_BLOCKS = YES;
				GCC_WARN_64_TO_32_BIT_CONVERSION = YES;
				GCC_WARN_ABOUT_RETURN_TYPE = YES_ERROR;
				GCC_WARN_UNDECLARED_SELECTOR = YES;
				GCC_WARN_UNINITIALIZED_AUTOS = YES_AGGRESSIVE;
				GCC_WARN_UNUSED_FUNCTION = YES;
				GCC_WARN_UNUSED_VARIABLE = YES;
				IPHONEOS_DEPLOYMENT_TARGET = 16.2;
				MTL_ENABLE_DEBUG_INFO = NO;
				MTL_FAST_MATH = YES;
				SDKROOT = iphoneos;
				SWIFT_COMPILATION_MODE = wholemodule;
				SWIFT_OPTIMIZATION_LEVEL = "-O";
				VALIDATE_PRODUCT = YES;
			};
			name = Release;
		};
		A1986D902A71BADE00E04F39 /* Debug */ = {
			isa = XCBuildConfiguration;
			buildSettings = {
				ASSETCATALOG_COMPILER_APPICON_NAME = AppIcon;
				ASSETCATALOG_COMPILER_GLOBAL_ACCENT_COLOR_NAME = AccentColor;
				CODE_SIGN_STYLE = Automatic;
				CURRENT_PROJECT_VERSION = 1;
				DEVELOPMENT_ASSET_PATHS = "\"Pokedex/Preview Content\"";
				DEVELOPMENT_TEAM = 92LVAQUS74;
				ENABLE_PREVIEWS = YES;
				GENERATE_INFOPLIST_FILE = YES;
				INFOPLIST_KEY_UIApplicationSceneManifest_Generation = YES;
				INFOPLIST_KEY_UIApplicationSupportsIndirectInputEvents = YES;
				INFOPLIST_KEY_UILaunchScreen_Generation = YES;
				INFOPLIST_KEY_UISupportedInterfaceOrientations_iPad = "UIInterfaceOrientationPortrait UIInterfaceOrientationPortraitUpsideDown UIInterfaceOrientationLandscapeLeft UIInterfaceOrientationLandscapeRight";
				INFOPLIST_KEY_UISupportedInterfaceOrientations_iPhone = "UIInterfaceOrientationPortrait UIInterfaceOrientationLandscapeLeft UIInterfaceOrientationLandscapeRight";
				LD_RUNPATH_SEARCH_PATHS = (
					"$(inherited)",
					"@executable_path/Frameworks",
				);
				MARKETING_VERSION = 1.0;
				PRODUCT_BUNDLE_IDENTIFIER = practica.Pokedex;
				PRODUCT_NAME = "$(TARGET_NAME)";
				SWIFT_EMIT_LOC_STRINGS = YES;
				SWIFT_VERSION = 5.0;
				TARGETED_DEVICE_FAMILY = "1,2";
			};
			name = Debug;
		};
		A1986D912A71BADE00E04F39 /* Release */ = {
			isa = XCBuildConfiguration;
			buildSettings = {
				ASSETCATALOG_COMPILER_APPICON_NAME = AppIcon;
				ASSETCATALOG_COMPILER_GLOBAL_ACCENT_COLOR_NAME = AccentColor;
				CODE_SIGN_STYLE = Automatic;
				CURRENT_PROJECT_VERSION = 1;
				DEVELOPMENT_ASSET_PATHS = "\"Pokedex/Preview Content\"";
				DEVELOPMENT_TEAM = 92LVAQUS74;
				ENABLE_PREVIEWS = YES;
				GENERATE_INFOPLIST_FILE = YES;
				INFOPLIST_KEY_UIApplicationSceneManifest_Generation = YES;
				INFOPLIST_KEY_UIApplicationSupportsIndirectInputEvents = YES;
				INFOPLIST_KEY_UILaunchScreen_Generation = YES;
				INFOPLIST_KEY_UISupportedInterfaceOrientations_iPad = "UIInterfaceOrientationPortrait UIInterfaceOrientationPortraitUpsideDown UIInterfaceOrientationLandscapeLeft UIInterfaceOrientationLandscapeRight";
				INFOPLIST_KEY_UISupportedInterfaceOrientations_iPhone = "UIInterfaceOrientationPortrait UIInterfaceOrientationLandscapeLeft UIInterfaceOrientationLandscapeRight";
				LD_RUNPATH_SEARCH_PATHS = (
					"$(inherited)",
					"@executable_path/Frameworks",
				);
				MARKETING_VERSION = 1.0;
				PRODUCT_BUNDLE_IDENTIFIER = practica.Pokedex;
				PRODUCT_NAME = "$(TARGET_NAME)";
				SWIFT_EMIT_LOC_STRINGS = YES;
				SWIFT_VERSION = 5.0;
				TARGETED_DEVICE_FAMILY = "1,2";
			};
			name = Release;
		};
		A1986D932A71BADE00E04F39 /* Debug */ = {
			isa = XCBuildConfiguration;
			buildSettings = {
				ALWAYS_EMBED_SWIFT_STANDARD_LIBRARIES = YES;
				BUNDLE_LOADER = "$(TEST_HOST)";
				CODE_SIGN_STYLE = Automatic;
				CURRENT_PROJECT_VERSION = 1;
				GENERATE_INFOPLIST_FILE = YES;
				IPHONEOS_DEPLOYMENT_TARGET = 16.2;
				MARKETING_VERSION = 1.0;
				PRODUCT_BUNDLE_IDENTIFIER = practica.PokedexTests;
				PRODUCT_NAME = "$(TARGET_NAME)";
				SWIFT_EMIT_LOC_STRINGS = NO;
				SWIFT_VERSION = 5.0;
				TARGETED_DEVICE_FAMILY = "1,2";
				TEST_HOST = "$(BUILT_PRODUCTS_DIR)/Pokedex.app/$(BUNDLE_EXECUTABLE_FOLDER_PATH)/Pokedex";
			};
			name = Debug;
		};
		A1986D942A71BADE00E04F39 /* Release */ = {
			isa = XCBuildConfiguration;
			buildSettings = {
				ALWAYS_EMBED_SWIFT_STANDARD_LIBRARIES = YES;
				BUNDLE_LOADER = "$(TEST_HOST)";
				CODE_SIGN_STYLE = Automatic;
				CURRENT_PROJECT_VERSION = 1;
				GENERATE_INFOPLIST_FILE = YES;
				IPHONEOS_DEPLOYMENT_TARGET = 16.2;
				MARKETING_VERSION = 1.0;
				PRODUCT_BUNDLE_IDENTIFIER = practica.PokedexTests;
				PRODUCT_NAME = "$(TARGET_NAME)";
				SWIFT_EMIT_LOC_STRINGS = NO;
				SWIFT_VERSION = 5.0;
				TARGETED_DEVICE_FAMILY = "1,2";
				TEST_HOST = "$(BUILT_PRODUCTS_DIR)/Pokedex.app/$(BUNDLE_EXECUTABLE_FOLDER_PATH)/Pokedex";
			};
			name = Release;
		};
		A1986D962A71BADE00E04F39 /* Debug */ = {
			isa = XCBuildConfiguration;
			buildSettings = {
				ALWAYS_EMBED_SWIFT_STANDARD_LIBRARIES = YES;
				CODE_SIGN_STYLE = Automatic;
				CURRENT_PROJECT_VERSION = 1;
				GENERATE_INFOPLIST_FILE = YES;
				MARKETING_VERSION = 1.0;
				PRODUCT_BUNDLE_IDENTIFIER = practica.PokedexUITests;
				PRODUCT_NAME = "$(TARGET_NAME)";
				SWIFT_EMIT_LOC_STRINGS = NO;
				SWIFT_VERSION = 5.0;
				TARGETED_DEVICE_FAMILY = "1,2";
				TEST_TARGET_NAME = Pokedex;
			};
			name = Debug;
		};
		A1986D972A71BADE00E04F39 /* Release */ = {
			isa = XCBuildConfiguration;
			buildSettings = {
				ALWAYS_EMBED_SWIFT_STANDARD_LIBRARIES = YES;
				CODE_SIGN_STYLE = Automatic;
				CURRENT_PROJECT_VERSION = 1;
				GENERATE_INFOPLIST_FILE = YES;
				MARKETING_VERSION = 1.0;
				PRODUCT_BUNDLE_IDENTIFIER = practica.PokedexUITests;
				PRODUCT_NAME = "$(TARGET_NAME)";
				SWIFT_EMIT_LOC_STRINGS = NO;
				SWIFT_VERSION = 5.0;
				TARGETED_DEVICE_FAMILY = "1,2";
				TEST_TARGET_NAME = Pokedex;
			};
			name = Release;
		};
/* End XCBuildConfiguration section */

/* Begin XCConfigurationList section */
		A1986D662A71BAD900E04F39 /* Build configuration list for PBXProject "Pokedex" */ = {
			isa = XCConfigurationList;
			buildConfigurations = (
				A1986D8D2A71BADE00E04F39 /* Debug */,
				A1986D8E2A71BADE00E04F39 /* Release */,
			);
			defaultConfigurationIsVisible = 0;
			defaultConfigurationName = Release;
		};
		A1986D8F2A71BADE00E04F39 /* Build configuration list for PBXNativeTarget "Pokedex" */ = {
			isa = XCConfigurationList;
			buildConfigurations = (
				A1986D902A71BADE00E04F39 /* Debug */,
				A1986D912A71BADE00E04F39 /* Release */,
			);
			defaultConfigurationIsVisible = 0;
			defaultConfigurationName = Release;
		};
		A1986D922A71BADE00E04F39 /* Build configuration list for PBXNativeTarget "PokedexTests" */ = {
			isa = XCConfigurationList;
			buildConfigurations = (
				A1986D932A71BADE00E04F39 /* Debug */,
				A1986D942A71BADE00E04F39 /* Release */,
			);
			defaultConfigurationIsVisible = 0;
			defaultConfigurationName = Release;
		};
		A1986D952A71BADE00E04F39 /* Build configuration list for PBXNativeTarget "PokedexUITests" */ = {
			isa = XCConfigurationList;
			buildConfigurations = (
				A1986D962A71BADE00E04F39 /* Debug */,
				A1986D972A71BADE00E04F39 /* Release */,
			);
			defaultConfigurationIsVisible = 0;
			defaultConfigurationName = Release;
		};
/* End XCConfigurationList section */

/* Begin XCRemoteSwiftPackageReference section */
		A1AB01772A7AD5CF00E8AB12 /* XCRemoteSwiftPackageReference "Alamofire" */ = {
			isa = XCRemoteSwiftPackageReference;
			repositoryURL = "https://github.com/Alamofire/Alamofire";
			requirement = {
				kind = upToNextMajorVersion;
				minimumVersion = 5.0.0;
			};
		};
/* End XCRemoteSwiftPackageReference section */

/* Begin XCSwiftPackageProductDependency section */
		A1AB01782A7AD5CF00E8AB12 /* Alamofire */ = {
			isa = XCSwiftPackageProductDependency;
			package = A1AB01772A7AD5CF00E8AB12 /* XCRemoteSwiftPackageReference "Alamofire" */;
			productName = Alamofire;
		};
/* End XCSwiftPackageProductDependency section */
	};
	rootObject = A1986D632A71BAD900E04F39 /* Project object */;
}
